
Microsoft Visual Studio Solution File, Format Version 12.00
Project("{FAE04EC0-301F-11D3-BF4B-00C04F79EFBC}") = "CnSharp.TSqlFormatter", "CnSharp.TSqlFormatter\CnSharp.TSqlFormatter.csproj", "{5B118897-58F2-4397-AC62-8AA15FE2E21B}"
EndProject
Project("{FAE04EC0-301F-11D3-BF4B-00C04F79EFBC}") = "ConsoleDemo", "ConsoleDemo\ConsoleDemo.csproj", "{1BA1E53F-1152-4B14-9D57-CDCBB9F59568}"
EndProject
Project("{2150E333-8FDC-42A3-9474-1A3956D46DE8}") = "SolutionFolder", "SolutionFolder", "{8ECC53BB-652F-43C0-BCB9-B574663C8697}"
	ProjectSection(SolutionItems) = preProject
		.gitignore = .gitignore
	EndProjectSection
EndProject
Global
	GlobalSection(SolutionConfigurationPlatforms) = preSolution
		Debug|Any CPU = Debug|Any CPU
		Release|Any CPU = Release|Any CPU
	EndGlobalSection
	GlobalSection(ProjectConfigurationPlatforms) = postSolution
		{5B118897-58F2-4397-AC62-8AA15FE2E21B}.Debug|Any CPU.ActiveCfg = Debug|Any CPU
		{5B118897-58F2-4397-AC62-8AA15FE2E21B}.Debug|Any CPU.Build.0 = Debug|Any CPU
		{5B118897-58F2-4397-AC62-8AA15FE2E21B}.Release|Any CPU.ActiveCfg = Release|Any CPU
		{5B118897-58F2-4397-AC62-8AA15FE2E21B}.Release|Any CPU.Build.0 = Release|Any CPU
		{1BA1E53F-1152-4B14-9D57-CDCBB9F59568}.Debug|Any CPU.ActiveCfg = Debug|Any CPU
		{1BA1E53F-1152-4B14-9D57-CDCBB9F59568}.Debug|Any CPU.Build.0 = Debug|Any CPU
		{1BA1E53F-1152-4B14-9D57-CDCBB9F59568}.Release|Any CPU.ActiveCfg = Release|Any CPU
		{1BA1E53F-1152-4B14-9D57-CDCBB9F59568}.Release|Any CPU.Build.0 = Release|Any CPU
	EndGlobalSection
EndGlobal
